
Microsoft Visual Studio Solution File, Format Version 12.00
# Visual Studio Version 16
VisualStudioVersion = 16.0.28407.52
MinimumVisualStudioVersion = 10.0.40219.1
Project("{FAE04EC0-301F-11D3-BF4B-00C04F79EFBC}") = "DevelopmentPlanner.Web", "DevelopmentPlanner.Web\DevelopmentPlanner.Web.csproj", "{1C91EDB1-6267-4538-8973-312C45B5E21D}"
EndProject
Global
	GlobalSection(SolutionConfigurationPlatforms) = preSolution
		Debug|Any CPU = Debug|Any CPU
		Release|Any CPU = Release|Any CPU
	EndGlobalSection
	GlobalSection(ProjectConfigurationPlatforms) = postSolution
		{1C91EDB1-6267-4538-8973-312C45B5E21D}.Debug|Any CPU.ActiveCfg = Debug|Any CPU
		{1C91EDB1-6267-4538-8973-312C45B5E21D}.Debug|Any CPU.Build.0 = Debug|Any CPU
		{1C91EDB1-6267-4538-8973-312C45B5E21D}.Release|Any CPU.ActiveCfg = Release|Any CPU
		{1C91EDB1-6267-4538-8973-312C45B5E21D}.Release|Any CPU.Build.0 = Release|Any CPU
	EndGlobalSection
	GlobalSection(SolutionProperties) = preSolution
		HideSolutionNode = FALSE
	EndGlobalSection
	GlobalSection(ExtensibilityGlobals) = postSolution
		SolutionGuid = {EED46F82-F25C-4651-9A5D-AD09B952C934}
	EndGlobalSection
EndGlobal
